
Microsoft Visual Studio Solution File, Format Version 12.00
# Visual Studio Version 17
VisualStudioVersion = 17.5.33627.172
MinimumVisualStudioVersion = 10.0.40219.1
Project("{FAE04EC0-301F-11D3-BF4B-00C04F79EFBC}") = "NewCityInfo.API", "NewCityInfo.API.csproj", "{A188660E-AFE3-4200-914A-AF74520006D6}"
EndProject
Global
	GlobalSection(SolutionConfigurationPlatforms) = preSolution
		Debug|Any CPU = Debug|Any CPU
		Release|Any CPU = Release|Any CPU
	EndGlobalSection
	GlobalSection(ProjectConfigurationPlatforms) = postSolution
		{A188660E-AFE3-4200-914A-AF74520006D6}.Debug|Any CPU.ActiveCfg = Debug|Any CPU
		{A188660E-AFE3-4200-914A-AF74520006D6}.Debug|Any CPU.Build.0 = Debug|Any CPU
		{A188660E-AFE3-4200-914A-AF74520006D6}.Release|Any CPU.ActiveCfg = Release|Any CPU
		{A188660E-AFE3-4200-914A-AF74520006D6}.Release|Any CPU.Build.0 = Release|Any CPU
	EndGlobalSection
	GlobalSection(SolutionProperties) = preSolution
		HideSolutionNode = FALSE
	EndGlobalSection
	GlobalSection(ExtensibilityGlobals) = postSolution
		SolutionGuid = {CEDBC5AC-C1B4-4BC6-994D-B0BC2296520C}
	EndGlobalSection
EndGlobal
